
Microsoft Visual Studio Solution File, Format Version 12.00
# Visual Studio Version 17
VisualStudioVersion = 17.13.35919.96 d17.13
MinimumVisualStudioVersion = 10.0.40219.1
Project("{FAE04EC0-301F-11D3-BF4B-00C04F79EFBC}") = "AvanteBot.API", "AvanteBot.API\AvanteBot.API.csproj", "{8FB67CD8-1E49-44F1-9A1E-50040C4EB00F}"
EndProject
Global
	GlobalSection(SolutionConfigurationPlatforms) = preSolution
		Debug|Any CPU = Debug|Any CPU
		Release|Any CPU = Release|Any CPU
	EndGlobalSection
	GlobalSection(ProjectConfigurationPlatforms) = postSolution
		{8FB67CD8-1E49-44F1-9A1E-50040C4EB00F}.Debug|Any CPU.ActiveCfg = Debug|Any CPU
		{8FB67CD8-1E49-44F1-9A1E-50040C4EB00F}.Debug|Any CPU.Build.0 = Debug|Any CPU
		{8FB67CD8-1E49-44F1-9A1E-50040C4EB00F}.Release|Any CPU.ActiveCfg = Release|Any CPU
		{8FB67CD8-1E49-44F1-9A1E-50040C4EB00F}.Release|Any CPU.Build.0 = Release|Any CPU
	EndGlobalSection
	GlobalSection(SolutionProperties) = preSolution
		HideSolutionNode = FALSE
	EndGlobalSection
	GlobalSection(ExtensibilityGlobals) = postSolution
		SolutionGuid = {1846B8D8-EB86-4087-AEB2-08B66800BB83}
	EndGlobalSection
EndGlobal
